
Microsoft Visual Studio Solution File, Format Version 12.00
# Visual Studio Version 17
VisualStudioVersion = 17.5.33424.131
MinimumVisualStudioVersion = 10.0.40219.1
Project("{FAE04EC0-301F-11D3-BF4B-00C04F79EFBC}") = "SistemaDeTarefas", "SistemaDeTarefas.csproj", "{93B06E8D-4773-4E1A-8609-60E18DE2600B}"
EndProject
Global
	GlobalSection(SolutionConfigurationPlatforms) = preSolution
		Debug|Any CPU = Debug|Any CPU
		Release|Any CPU = Release|Any CPU
	EndGlobalSection
	GlobalSection(ProjectConfigurationPlatforms) = postSolution
		{93B06E8D-4773-4E1A-8609-60E18DE2600B}.Debug|Any CPU.ActiveCfg = Debug|Any CPU
		{93B06E8D-4773-4E1A-8609-60E18DE2600B}.Debug|Any CPU.Build.0 = Debug|Any CPU
		{93B06E8D-4773-4E1A-8609-60E18DE2600B}.Release|Any CPU.ActiveCfg = Release|Any CPU
		{93B06E8D-4773-4E1A-8609-60E18DE2600B}.Release|Any CPU.Build.0 = Release|Any CPU
	EndGlobalSection
	GlobalSection(SolutionProperties) = preSolution
		HideSolutionNode = FALSE
	EndGlobalSection
	GlobalSection(ExtensibilityGlobals) = postSolution
		SolutionGuid = {DDA39635-1B11-4360-947A-A402D5012A0B}
	EndGlobalSection
EndGlobal
